
Microsoft Visual Studio Solution File, Format Version 12.00
# Visual Studio Version 16
VisualStudioVersion = 25.0.1705.1
MinimumVisualStudioVersion = 10.0.40219.1
Project("{FAE04EC0-301F-11D3-BF4B-00C04F79EFBC}") = "P01_SquareRoot", "P01_SquareRoot\P01_SquareRoot.csproj", "{2F295C2C-8103-46E9-BB11-03A5F2924153}"
EndProject
Project("{FAE04EC0-301F-11D3-BF4B-00C04F79EFBC}") = "P02_EnterNumbers", "P02_EnterNumbers\P02_EnterNumbers.csproj", "{770AED20-9BBB-420C-BB82-44AAEFE09511}"
EndProject
Project("{FAE04EC0-301F-11D3-BF4B-00C04F79EFBC}") = "P03_Cards", "P03_Cards\P03_Cards.csproj", "{BB6C2B9C-AF70-471B-8E4C-0F443CB32F63}"
EndProject
Project("{FAE04EC0-301F-11D3-BF4B-00C04F79EFBC}") = "P04_SumOfIntegers", "P04_SumOfIntegers\P04_SumOfIntegers.csproj", "{18F87398-F7DF-43AD-BC1D-5DA5F648C85F}"
EndProject
Global
	GlobalSection(SolutionConfigurationPlatforms) = preSolution
		Debug|Any CPU = Debug|Any CPU
		Release|Any CPU = Release|Any CPU
	EndGlobalSection
	GlobalSection(ProjectConfigurationPlatforms) = postSolution
		{2F295C2C-8103-46E9-BB11-03A5F2924153}.Debug|Any CPU.ActiveCfg = Debug|Any CPU
		{2F295C2C-8103-46E9-BB11-03A5F2924153}.Debug|Any CPU.Build.0 = Debug|Any CPU
		{2F295C2C-8103-46E9-BB11-03A5F2924153}.Release|Any CPU.ActiveCfg = Release|Any CPU
		{2F295C2C-8103-46E9-BB11-03A5F2924153}.Release|Any CPU.Build.0 = Release|Any CPU
		{770AED20-9BBB-420C-BB82-44AAEFE09511}.Debug|Any CPU.ActiveCfg = Debug|Any CPU
		{770AED20-9BBB-420C-BB82-44AAEFE09511}.Debug|Any CPU.Build.0 = Debug|Any CPU
		{770AED20-9BBB-420C-BB82-44AAEFE09511}.Release|Any CPU.ActiveCfg = Release|Any CPU
		{770AED20-9BBB-420C-BB82-44AAEFE09511}.Release|Any CPU.Build.0 = Release|Any CPU
		{BB6C2B9C-AF70-471B-8E4C-0F443CB32F63}.Debug|Any CPU.ActiveCfg = Debug|Any CPU
		{BB6C2B9C-AF70-471B-8E4C-0F443CB32F63}.Debug|Any CPU.Build.0 = Debug|Any CPU
		{BB6C2B9C-AF70-471B-8E4C-0F443CB32F63}.Release|Any CPU.ActiveCfg = Release|Any CPU
		{BB6C2B9C-AF70-471B-8E4C-0F443CB32F63}.Release|Any CPU.Build.0 = Release|Any CPU
		{18F87398-F7DF-43AD-BC1D-5DA5F648C85F}.Debug|Any CPU.ActiveCfg = Debug|Any CPU
		{18F87398-F7DF-43AD-BC1D-5DA5F648C85F}.Debug|Any CPU.Build.0 = Debug|Any CPU
		{18F87398-F7DF-43AD-BC1D-5DA5F648C85F}.Release|Any CPU.ActiveCfg = Release|Any CPU
		{18F87398-F7DF-43AD-BC1D-5DA5F648C85F}.Release|Any CPU.Build.0 = Release|Any CPU
	EndGlobalSection
	GlobalSection(SolutionProperties) = preSolution
		HideSolutionNode = FALSE
	EndGlobalSection
	GlobalSection(ExtensibilityGlobals) = postSolution
		SolutionGuid = {5DC45071-E70A-4011-B0FD-0F4B42E65AF1}
	EndGlobalSection
EndGlobal
