
Microsoft Visual Studio Solution File, Format Version 12.00
# Visual Studio Version 16
VisualStudioVersion = 25.0.1705.4
MinimumVisualStudioVersion = 10.0.40219.1
Project("{FAE04EC0-301F-11D3-BF4B-00C04F79EFBC}") = "SoftUniDI", "SoftUniDI\SoftUniDI.csproj", "{59935621-F848-4DDF-988F-53C3AAD888BC}"
EndProject
Global
	GlobalSection(SolutionConfigurationPlatforms) = preSolution
		Debug|Any CPU = Debug|Any CPU
		Release|Any CPU = Release|Any CPU
	EndGlobalSection
	GlobalSection(ProjectConfigurationPlatforms) = postSolution
		{59935621-F848-4DDF-988F-53C3AAD888BC}.Debug|Any CPU.ActiveCfg = Debug|Any CPU
		{59935621-F848-4DDF-988F-53C3AAD888BC}.Debug|Any CPU.Build.0 = Debug|Any CPU
		{59935621-F848-4DDF-988F-53C3AAD888BC}.Release|Any CPU.ActiveCfg = Release|Any CPU
		{59935621-F848-4DDF-988F-53C3AAD888BC}.Release|Any CPU.Build.0 = Release|Any CPU
	EndGlobalSection
	GlobalSection(SolutionProperties) = preSolution
		HideSolutionNode = FALSE
	EndGlobalSection
	GlobalSection(ExtensibilityGlobals) = postSolution
		SolutionGuid = {B43A3877-863B-4098-BC21-1DCBAD0B10EC}
	EndGlobalSection
EndGlobal
