
Microsoft Visual Studio Solution File, Format Version 12.00
# Visual Studio Version 16
VisualStudioVersion = 25.0.1705.0
MinimumVisualStudioVersion = 10.0.40219.1
Project("{FAE04EC0-301F-11D3-BF4B-00C04F79EFBC}") = "P01_DefineAnInterfaceIPerson", "P01_DefineAnInterfaceIPerson\P01_DefineAnInterfaceIPerson.csproj", "{720A1056-BC2F-48B8-B317-2C725ECF572C}"
EndProject
Project("{FAE04EC0-301F-11D3-BF4B-00C04F79EFBC}") = "P02_MultipleImplementation", "P02_MultipleImplementation\P02_MultipleImplementation.csproj", "{A357C62A-21E5-47BD-8A8F-69D679368A0D}"
EndProject
Project("{FAE04EC0-301F-11D3-BF4B-00C04F79EFBC}") = "P03_Telefony", "P03_Telefony\P03_Telefony.csproj", "{1E03DBD5-155A-4268-B0E1-B6CDEAD667A8}"
EndProject
Global
	GlobalSection(SolutionConfigurationPlatforms) = preSolution
		Debug|Any CPU = Debug|Any CPU
		Release|Any CPU = Release|Any CPU
	EndGlobalSection
	GlobalSection(ProjectConfigurationPlatforms) = postSolution
		{720A1056-BC2F-48B8-B317-2C725ECF572C}.Debug|Any CPU.ActiveCfg = Debug|Any CPU
		{720A1056-BC2F-48B8-B317-2C725ECF572C}.Debug|Any CPU.Build.0 = Debug|Any CPU
		{720A1056-BC2F-48B8-B317-2C725ECF572C}.Release|Any CPU.ActiveCfg = Release|Any CPU
		{720A1056-BC2F-48B8-B317-2C725ECF572C}.Release|Any CPU.Build.0 = Release|Any CPU
		{A357C62A-21E5-47BD-8A8F-69D679368A0D}.Debug|Any CPU.ActiveCfg = Debug|Any CPU
		{A357C62A-21E5-47BD-8A8F-69D679368A0D}.Debug|Any CPU.Build.0 = Debug|Any CPU
		{A357C62A-21E5-47BD-8A8F-69D679368A0D}.Release|Any CPU.ActiveCfg = Release|Any CPU
		{A357C62A-21E5-47BD-8A8F-69D679368A0D}.Release|Any CPU.Build.0 = Release|Any CPU
		{1E03DBD5-155A-4268-B0E1-B6CDEAD667A8}.Debug|Any CPU.ActiveCfg = Debug|Any CPU
		{1E03DBD5-155A-4268-B0E1-B6CDEAD667A8}.Debug|Any CPU.Build.0 = Debug|Any CPU
		{1E03DBD5-155A-4268-B0E1-B6CDEAD667A8}.Release|Any CPU.ActiveCfg = Release|Any CPU
		{1E03DBD5-155A-4268-B0E1-B6CDEAD667A8}.Release|Any CPU.Build.0 = Release|Any CPU
	EndGlobalSection
	GlobalSection(SolutionProperties) = preSolution
		HideSolutionNode = FALSE
	EndGlobalSection
	GlobalSection(ExtensibilityGlobals) = postSolution
		SolutionGuid = {EDB29C5B-FE07-4DC5-8BA5-73946C3D00A1}
	EndGlobalSection
EndGlobal
